# THIS IS AN AUTOGENERATED FILE. DO NOT EDIT THIS FILE DIRECTLY.
# yarn lockfile v1


"@types/async@2.0.49":
  version "2.0.49"
  resolved "https://registry.yarnpkg.com/@types/async/-/async-2.0.49.tgz#92e33d13f74c895cb9a7f38ba97db8431ed14bc0"

"@types/graphql@0.12.6":
  version "0.12.6"
  resolved "https://registry.yarnpkg.com/@types/graphql/-/graphql-0.12.6.tgz#3d619198585fcabe5f4e1adfb5cf5f3388c66c13"

"@types/jest@^23.0.0":
  version "23.3.1"
  resolved "https://registry.yarnpkg.com/@types/jest/-/jest-23.3.1.tgz#a4319aedb071d478e6f407d1c4578ec8156829cf"

"@types/zen-observable@^0.8.0":
  version "0.8.0"
  resolved "https://registry.yarnpkg.com/@types/zen-observable/-/zen-observable-0.8.0.tgz#8b63ab7f1aa5321248aad5ac890a485656dcea4d"

apollo-boost@^0.1.13:
  version "0.1.13"
  resolved "https://registry.yarnpkg.com/apollo-boost/-/apollo-boost-0.1.13.tgz#194ad4527eb7cad0ac491f133f314b9ae9f31286"
  dependencies:
    apollo-cache "^1.1.14"
    apollo-cache-inmemory "^1.2.7"
    apollo-client "^2.3.8"
    apollo-link "^1.0.6"
    apollo-link-error "^1.0.3"
    apollo-link-http "^1.3.1"
    apollo-link-state "^0.4.0"
    graphql-tag "^2.4.2"

apollo-cache-inmemory@^1.2.7:
  version "1.2.7"
  resolved "https://registry.yarnpkg.com/apollo-cache-inmemory/-/apollo-cache-inmemory-1.2.7.tgz#80517c4b5e910022ab8d318f47d9364f99db8541"
  dependencies:
    apollo-cache "^1.1.14"
    apollo-utilities "^1.0.18"
    graphql-anywhere "^4.1.16"

apollo-cache@^1.1.14:
  version "1.1.14"
  resolved "https://registry.yarnpkg.com/apollo-cache/-/apollo-cache-1.1.14.tgz#c7d54cdbc7f544161f78fa5e4bae56650e22f7ad"
  dependencies:
    apollo-utilities "^1.0.18"

apollo-client@^2.3.8:
  version "2.3.8"
  resolved "https://registry.yarnpkg.com/apollo-client/-/apollo-client-2.3.8.tgz#0384a7210eb601ab88b1c13750da076fc9255b95"
  dependencies:
    "@types/zen-observable" "^0.8.0"
    apollo-cache "^1.1.14"
    apollo-link "^1.0.0"
    apollo-link-dedup "^1.0.0"
    apollo-utilities "^1.0.18"
    symbol-observable "^1.0.2"
    zen-observable "^0.8.0"
  optionalDependencies:
    "@types/async" "2.0.49"

apollo-link-dedup@^1.0.0:
  version "1.0.9"
  resolved "https://registry.yarnpkg.com/apollo-link-dedup/-/apollo-link-dedup-1.0.9.tgz#3c4e4af88ef027cbddfdb857c043fd0574051dad"
  dependencies:
    apollo-link "^1.2.2"

apollo-link-error@^1.0.3:
  version "1.1.0"
  resolved "https://registry.yarnpkg.com/apollo-link-error/-/apollo-link-error-1.1.0.tgz#ef8a64411361314364db40c1d4023b987a84860f"
  dependencies:
    apollo-link "^1.2.2"

apollo-link-http-common@^0.2.4:
  version "0.2.4"
  resolved "https://registry.yarnpkg.com/apollo-link-http-common/-/apollo-link-http-common-0.2.4.tgz#877603f7904dc8f70242cac61808b1f8d034b2c3"
  dependencies:
    apollo-link "^1.2.2"

apollo-link-http@^1.3.1:
  version "1.5.4"
  resolved "https://registry.yarnpkg.com/apollo-link-http/-/apollo-link-http-1.5.4.tgz#b80b7b4b342c655b6a5614624b076a36be368f43"
  dependencies:
    apollo-link "^1.2.2"
    apollo-link-http-common "^0.2.4"

apollo-link-state@^0.4.0:
  version "0.4.1"
  resolved "https://registry.yarnpkg.com/apollo-link-state/-/apollo-link-state-0.4.1.tgz#65e9e0e12c67936b8c4b12b8438434f393104579"
  dependencies:
    apollo-utilities "^1.0.8"
    graphql-anywhere "^4.1.0-alpha.0"

apollo-link@^1.0.0, apollo-link@^1.0.6, apollo-link@^1.2.2:
  version "1.2.2"
  resolved "https://registry.yarnpkg.com/apollo-link/-/apollo-link-1.2.2.tgz#54c84199b18ac1af8d63553a68ca389c05217a03"
  dependencies:
    "@types/graphql" "0.12.6"
    apollo-utilities "^1.0.0"
    zen-observable-ts "^0.8.9"

apollo-utilities@^1.0.0, apollo-utilities@^1.0.18, apollo-utilities@^1.0.8:
  version "1.0.18"
  resolved "https://registry.yarnpkg.com/apollo-utilities/-/apollo-utilities-1.0.18.tgz#e4ee91534283fde2b744a26caaea120fe6a94f67"
  dependencies:
    fast-json-stable-stringify "^2.0.0"

encoding@^0.1.11:
  version "0.1.12"
  resolved "https://registry.yarnpkg.com/encoding/-/encoding-0.1.12.tgz#538b66f3ee62cd1ab51ec323829d1f9480c74beb"
  dependencies:
    iconv-lite "~0.4.13"

fast-json-stable-stringify@^2.0.0:
  version "2.0.0"
  resolved "https://registry.yarnpkg.com/fast-json-stable-stringify/-/fast-json-stable-stringify-2.0.0.tgz#d5142c0caee6b1189f87d3a76111064f86c8bbf2"

graphql-anywhere@^4.1.0-alpha.0, graphql-anywhere@^4.1.16:
  version "4.1.16"
  resolved "https://registry.yarnpkg.com/graphql-anywhere/-/graphql-anywhere-4.1.16.tgz#82bb59643e30183cfb7b485ed4262a7b39d8a6c1"
  dependencies:
    apollo-utilities "^1.0.18"

graphql-tag@^2.4.2, graphql-tag@^2.9.2:
  version "2.9.2"
  resolved "https://registry.yarnpkg.com/graphql-tag/-/graphql-tag-2.9.2.tgz#2f60a5a981375f430bf1e6e95992427dc18af686"

graphql@^0.13.2:
  version "0.13.2"
  resolved "https://registry.yarnpkg.com/graphql/-/graphql-0.13.2.tgz#4c740ae3c222823e7004096f832e7b93b2108270"
  dependencies:
    iterall "^1.2.1"

iconv-lite@~0.4.13:
  version "0.4.23"
  resolved "https://registry.yarnpkg.com/iconv-lite/-/iconv-lite-0.4.23.tgz#297871f63be507adcfbfca715d0cd0eed84e9a63"
  dependencies:
    safer-buffer ">= 2.1.2 < 3"

is-stream@^1.0.1:
  version "1.1.0"
  resolved "https://registry.yarnpkg.com/is-stream/-/is-stream-1.1.0.tgz#12d4a3dd4e68e0b79ceb8dbc84173ae80d91ca44"

isomorphic-fetch@^2.2.1:
  version "2.2.1"
  resolved "https://registry.yarnpkg.com/isomorphic-fetch/-/isomorphic-fetch-2.2.1.tgz#611ae1acf14f5e81f729507472819fe9733558a9"
  dependencies:
    node-fetch "^1.0.1"
    whatwg-fetch ">=0.10.0"

iterall@^1.2.1:
  version "1.2.2"
  resolved "https://registry.yarnpkg.com/iterall/-/iterall-1.2.2.tgz#92d70deb8028e0c39ff3164fdbf4d8b088130cd7"

jest-fetch-mock@^1.6.5:
  version "1.6.5"
  resolved "https://registry.yarnpkg.com/jest-fetch-mock/-/jest-fetch-mock-1.6.5.tgz#178fa1a937ef6f61fb8e8483b6d4602b17e0d96d"
  dependencies:
    "@types/jest" "^23.0.0"
    isomorphic-fetch "^2.2.1"
    promise-polyfill "^7.1.1"

node-fetch@^1.0.1:
  version "1.7.3"
  resolved "https://registry.yarnpkg.com/node-fetch/-/node-fetch-1.7.3.tgz#980f6f72d85211a5347c6b2bc18c5b84c3eb47ef"
  dependencies:
    encoding "^0.1.11"
    is-stream "^1.0.1"

promise-polyfill@^7.1.1:
  version "7.1.2"
  resolved "https://registry.yarnpkg.com/promise-polyfill/-/promise-polyfill-7.1.2.tgz#ab05301d8c28536301622d69227632269a70ca3b"

"safer-buffer@>= 2.1.2 < 3":
  version "2.1.2"
  resolved "https://registry.yarnpkg.com/safer-buffer/-/safer-buffer-2.1.2.tgz#44fa161b0187b9549dd84bb91802f9bd8385cd6a"

symbol-observable@^1.0.2:
  version "1.2.0"
  resolved "https://registry.yarnpkg.com/symbol-observable/-/symbol-observable-1.2.0.tgz#c22688aed4eab3cdc2dfeacbb561660560a00804"

whatwg-fetch@>=0.10.0:
  version "2.0.4"
  resolved "https://registry.yarnpkg.com/whatwg-fetch/-/whatwg-fetch-2.0.4.tgz#dde6a5df315f9d39991aa17621853d720b85566f"

zen-observable-ts@^0.8.9:
  version "0.8.9"
  resolved "https://registry.yarnpkg.com/zen-observable-ts/-/zen-observable-ts-0.8.9.tgz#d3c97af08c0afdca37ebcadf7cc3ee96bda9bab1"
  dependencies:
    zen-observable "^0.8.0"

zen-observable@^0.8.0:
  version "0.8.9"
  resolved "https://registry.yarnpkg.com/zen-observable/-/zen-observable-0.8.9.tgz#0475c760ff0eda046bbdfa4dc3f95d392807ac53"
